
Microsoft Visual Studio Solution File, Format Version 12.00
# Visual Studio Version 16
VisualStudioVersion = 16.0.30804.86
MinimumVisualStudioVersion = 10.0.40219.1
Project("{FAE04EC0-301F-11D3-BF4B-00C04F79EFBC}") = "demo", "demo.csproj", "{50DADA0A-060C-4C75-9258-4D59BDB56AFF}"
EndProject
Global
	GlobalSection(SolutionConfigurationPlatforms) = preSolution
		Debug|Any CPU = Debug|Any CPU
		Release|Any CPU = Release|Any CPU
	EndGlobalSection
	GlobalSection(ProjectConfigurationPlatforms) = postSolution
		{50DADA0A-060C-4C75-9258-4D59BDB56AFF}.Debug|Any CPU.ActiveCfg = Debug|Any CPU
		{50DADA0A-060C-4C75-9258-4D59BDB56AFF}.Debug|Any CPU.Build.0 = Debug|Any CPU
		{50DADA0A-060C-4C75-9258-4D59BDB56AFF}.Release|Any CPU.ActiveCfg = Release|Any CPU
		{50DADA0A-060C-4C75-9258-4D59BDB56AFF}.Release|Any CPU.Build.0 = Release|Any CPU
	EndGlobalSection
	GlobalSection(SolutionProperties) = preSolution
		HideSolutionNode = FALSE
	EndGlobalSection
	GlobalSection(ExtensibilityGlobals) = postSolution
		SolutionGuid = {FFABFACF-D89A-40CD-A0A8-AC0448CFF61D}
	EndGlobalSection
EndGlobal
